// !$*UTF8*$!
{
	archiveVersion = 1;
	classes = {
	};
	objectVersion = 56;
	objects = {

/* Begin PBXBuildFile section */
		921C7CCD2C94B7B100FF1E17 /* DetailCoordinator.swift in Sources */ = {isa = PBXBuildFile; fileRef = 921C7CC62C94B7B100FF1E17 /* DetailCoordinator.swift */; };
		921C7CCE2C94B7B100FF1E17 /* DetailFactory.swift in Sources */ = {isa = PBXBuildFile; fileRef = 921C7CC72C94B7B100FF1E17 /* DetailFactory.swift */; };
		921C7CCF2C94B7B100FF1E17 /* DetailPresenter.swift in Sources */ = {isa = PBXBuildFile; fileRef = 921C7CC82C94B7B100FF1E17 /* DetailPresenter.swift */; };
		921C7CD02C94B7B100FF1E17 /* DetailViewController.swift in Sources */ = {isa = PBXBuildFile; fileRef = 921C7CC92C94B7B100FF1E17 /* DetailViewController.swift */; };
		921C7CD12C94B7B100FF1E17 /* DetailInteractor.swift in Sources */ = {isa = PBXBuildFile; fileRef = 921C7CCA2C94B7B100FF1E17 /* DetailInteractor.swift */; };
		921C7CD32C94B7B100FF1E17 /* DetailService.swift in Sources */ = {isa = PBXBuildFile; fileRef = 921C7CCC2C94B7B100FF1E17 /* DetailService.swift */; };
		921C805B2C95D25E00FF1E17 /* ExchangeChartView.swift in Sources */ = {isa = PBXBuildFile; fileRef = 921C805A2C95D25E00FF1E17 /* ExchangeChartView.swift */; };
		921C805D2C95E3E400FF1E17 /* Date+Formatter.swift in Sources */ = {isa = PBXBuildFile; fileRef = 921C805C2C95E3E400FF1E17 /* Date+Formatter.swift */; };
		921C805F2C95E48C00FF1E17 /* Double+Currency.swift in Sources */ = {isa = PBXBuildFile; fileRef = 921C805E2C95E48C00FF1E17 /* Double+Currency.swift */; };
		921C80622C95E7EF00FF1E17 /* ExchangeDetail.swift in Sources */ = {isa = PBXBuildFile; fileRef = 921C80612C95E7EF00FF1E17 /* ExchangeDetail.swift */; };
		921C80642C95FCEA00FF1E17 /* OHLCVData.swift in Sources */ = {isa = PBXBuildFile; fileRef = 921C80632C95FCEA00FF1E17 /* OHLCVData.swift */; };
		921C806A2C98AA9500FF1E17 /* ExchangeInformationModel.swift in Sources */ = {isa = PBXBuildFile; fileRef = 921C80692C98AA9500FF1E17 /* ExchangeInformationModel.swift */; };
		92D2C2012C90E6C000467440 /* AppDelegate.swift in Sources */ = {isa = PBXBuildFile; fileRef = 92D2C2002C90E6C000467440 /* AppDelegate.swift */; };
		92D2C2032C90E6C000467440 /* SceneDelegate.swift in Sources */ = {isa = PBXBuildFile; fileRef = 92D2C2022C90E6C000467440 /* SceneDelegate.swift */; };
		92D2C20A2C90E6C100467440 /* Assets.xcassets in Resources */ = {isa = PBXBuildFile; fileRef = 92D2C2092C90E6C100467440 /* Assets.xcassets */; };
		92D2C20D2C90E6C100467440 /* Base in Resources */ = {isa = PBXBuildFile; fileRef = 92D2C20C2C90E6C100467440 /* Base */; };
		92D2C2182C90E6C100467440 /* QueroSerMBTests.swift in Sources */ = {isa = PBXBuildFile; fileRef = 92D2C2172C90E6C100467440 /* QueroSerMBTests.swift */; };
		92D2C2222C90E6C100467440 /* QueroSerMBUITests.swift in Sources */ = {isa = PBXBuildFile; fileRef = 92D2C2212C90E6C100467440 /* QueroSerMBUITests.swift */; };
		92D2C2242C90E6C100467440 /* QueroSerMBUITestsLaunchTests.swift in Sources */ = {isa = PBXBuildFile; fileRef = 92D2C2232C90E6C100467440 /* QueroSerMBUITestsLaunchTests.swift */; };
		92D2C2392C90E7F000467440 /* MainCoordinator.swift in Sources */ = {isa = PBXBuildFile; fileRef = 92D2C2322C90E7F000467440 /* MainCoordinator.swift */; };
		92D2C23A2C90E7F000467440 /* MainFactory.swift in Sources */ = {isa = PBXBuildFile; fileRef = 92D2C2332C90E7F000467440 /* MainFactory.swift */; };
		92D2C23B2C90E7F000467440 /* MainPresenter.swift in Sources */ = {isa = PBXBuildFile; fileRef = 92D2C2342C90E7F000467440 /* MainPresenter.swift */; };
		92D2C23C2C90E7F000467440 /* MainViewController.swift in Sources */ = {isa = PBXBuildFile; fileRef = 92D2C2352C90E7F000467440 /* MainViewController.swift */; };
		92D2C23D2C90E7F000467440 /* MainInteractor.swift in Sources */ = {isa = PBXBuildFile; fileRef = 92D2C2362C90E7F000467440 /* MainInteractor.swift */; };
		92D2C23F2C90E7F000467440 /* MainService.swift in Sources */ = {isa = PBXBuildFile; fileRef = 92D2C2382C90E7F000467440 /* MainService.swift */; };
		92D2C5C72C90E8CE00467440 /* ViewController.swift in Sources */ = {isa = PBXBuildFile; fileRef = 92D2C5C62C90E8CE00467440 /* ViewController.swift */; };
		92D2C5CA2C90E94300467440 /* ViewConfiguration.swift in Sources */ = {isa = PBXBuildFile; fileRef = 92D2C5C92C90E94300467440 /* ViewConfiguration.swift */; };
		92D2C5CD2C90EE9E00467440 /* CoreNetwork.swift in Sources */ = {isa = PBXBuildFile; fileRef = 92D2C5CC2C90EE9E00467440 /* CoreNetwork.swift */; };
		92D2C5CF2C90EEB100467440 /* Router.swift in Sources */ = {isa = PBXBuildFile; fileRef = 92D2C5CE2C90EEB100467440 /* Router.swift */; };
		92D2C5D12C90EEC400467440 /* ServiceError.swift in Sources */ = {isa = PBXBuildFile; fileRef = 92D2C5D02C90EEC400467440 /* ServiceError.swift */; };
		92D2C5D52C910FCF00467440 /* Colors.swift in Sources */ = {isa = PBXBuildFile; fileRef = 92D2C5D42C910FCF00467440 /* Colors.swift */; };
		92D2C5D72C910FF700467440 /* Spacing.swift in Sources */ = {isa = PBXBuildFile; fileRef = 92D2C5D62C910FF700467440 /* Spacing.swift */; };
		92D2C5DC2C9112BF00467440 /* Typography.swift in Sources */ = {isa = PBXBuildFile; fileRef = 92D2C5DB2C9112BF00467440 /* Typography.swift */; };
		92D2C5DF2C91130300467440 /* UIColor+Hex.swift in Sources */ = {isa = PBXBuildFile; fileRef = 92D2C5DE2C91130300467440 /* UIColor+Hex.swift */; };
		92D2C5E42C9114AE00467440 /* ExchangeCell.swift in Sources */ = {isa = PBXBuildFile; fileRef = 92D2C5E32C9114AE00467440 /* ExchangeCell.swift */; };
		92D2C5E62C9115CD00467440 /* ExchangeCellModel.swift in Sources */ = {isa = PBXBuildFile; fileRef = 92D2C5E52C9115CD00467440 /* ExchangeCellModel.swift */; };
		92D2C5E82C9116EC00467440 /* ExchangeListTableView.swift in Sources */ = {isa = PBXBuildFile; fileRef = 92D2C5E72C9116EC00467440 /* ExchangeListTableView.swift */; };
		92D2C5EA2C912EE200467440 /* UIView+RoundCorners.swift in Sources */ = {isa = PBXBuildFile; fileRef = 92D2C5E92C912EE200467440 /* UIView+RoundCorners.swift */; };
		92D2C5EC2C912F0200467440 /* Corners.swift in Sources */ = {isa = PBXBuildFile; fileRef = 92D2C5EB2C912F0200467440 /* Corners.swift */; };
		92D2C5EE2C9130F900467440 /* UIImage+Download.swift in Sources */ = {isa = PBXBuildFile; fileRef = 92D2C5ED2C9130F900467440 /* UIImage+Download.swift */; };
		92D2C5F12C9135AE00467440 /* Exchange.swift in Sources */ = {isa = PBXBuildFile; fileRef = 92D2C5F02C9135AE00467440 /* Exchange.swift */; };
		92D2C5F32C9135BA00467440 /* ExchangeLogo.swift in Sources */ = {isa = PBXBuildFile; fileRef = 92D2C5F22C9135BA00467440 /* ExchangeLogo.swift */; };
/* End PBXBuildFile section */

/* Begin PBXContainerItemProxy section */
		92D2C2142C90E6C100467440 /* PBXContainerItemProxy */ = {
			isa = PBXContainerItemProxy;
			containerPortal = 92D2C1F52C90E6C000467440 /* Project object */;
			proxyType = 1;
			remoteGlobalIDString = 92D2C1FC2C90E6C000467440;
			remoteInfo = QueroSerMB;
		};
		92D2C21E2C90E6C100467440 /* PBXContainerItemProxy */ = {
			isa = PBXContainerItemProxy;
			containerPortal = 92D2C1F52C90E6C000467440 /* Project object */;
			proxyType = 1;
			remoteGlobalIDString = 92D2C1FC2C90E6C000467440;
			remoteInfo = QueroSerMB;
		};
/* End PBXContainerItemProxy section */

/* Begin PBXFileReference section */
		921C7CC62C94B7B100FF1E17 /* DetailCoordinator.swift */ = {isa = PBXFileReference; lastKnownFileType = sourcecode.swift; path = DetailCoordinator.swift; sourceTree = "<group>"; };
		921C7CC72C94B7B100FF1E17 /* DetailFactory.swift */ = {isa = PBXFileReference; lastKnownFileType = sourcecode.swift; path = DetailFactory.swift; sourceTree = "<group>"; };
		921C7CC82C94B7B100FF1E17 /* DetailPresenter.swift */ = {isa = PBXFileReference; lastKnownFileType = sourcecode.swift; path = DetailPresenter.swift; sourceTree = "<group>"; };
		921C7CC92C94B7B100FF1E17 /* DetailViewController.swift */ = {isa = PBXFileReference; lastKnownFileType = sourcecode.swift; path = DetailViewController.swift; sourceTree = "<group>"; };
		921C7CCA2C94B7B100FF1E17 /* DetailInteractor.swift */ = {isa = PBXFileReference; lastKnownFileType = sourcecode.swift; path = DetailInteractor.swift; sourceTree = "<group>"; };
		921C7CCC2C94B7B100FF1E17 /* DetailService.swift */ = {isa = PBXFileReference; lastKnownFileType = sourcecode.swift; path = DetailService.swift; sourceTree = "<group>"; };
		921C805A2C95D25E00FF1E17 /* ExchangeChartView.swift */ = {isa = PBXFileReference; lastKnownFileType = sourcecode.swift; path = ExchangeChartView.swift; sourceTree = "<group>"; };
		921C805C2C95E3E400FF1E17 /* Date+Formatter.swift */ = {isa = PBXFileReference; lastKnownFileType = sourcecode.swift; path = "Date+Formatter.swift"; sourceTree = "<group>"; };
		921C805E2C95E48C00FF1E17 /* Double+Currency.swift */ = {isa = PBXFileReference; lastKnownFileType = sourcecode.swift; path = "Double+Currency.swift"; sourceTree = "<group>"; };
		921C80612C95E7EF00FF1E17 /* ExchangeDetail.swift */ = {isa = PBXFileReference; lastKnownFileType = sourcecode.swift; path = ExchangeDetail.swift; sourceTree = "<group>"; };
		921C80632C95FCEA00FF1E17 /* OHLCVData.swift */ = {isa = PBXFileReference; lastKnownFileType = sourcecode.swift; path = OHLCVData.swift; sourceTree = "<group>"; };
		921C80692C98AA9500FF1E17 /* ExchangeInformationModel.swift */ = {isa = PBXFileReference; lastKnownFileType = sourcecode.swift; path = ExchangeInformationModel.swift; sourceTree = "<group>"; };
		92D2C1FD2C90E6C000467440 /* QueroSerMB.app */ = {isa = PBXFileReference; explicitFileType = wrapper.application; includeInIndex = 0; path = QueroSerMB.app; sourceTree = BUILT_PRODUCTS_DIR; };
		92D2C2002C90E6C000467440 /* AppDelegate.swift */ = {isa = PBXFileReference; lastKnownFileType = sourcecode.swift; path = AppDelegate.swift; sourceTree = "<group>"; };
		92D2C2022C90E6C000467440 /* SceneDelegate.swift */ = {isa = PBXFileReference; lastKnownFileType = sourcecode.swift; path = SceneDelegate.swift; sourceTree = "<group>"; };
		92D2C2092C90E6C100467440 /* Assets.xcassets */ = {isa = PBXFileReference; lastKnownFileType = folder.assetcatalog; path = Assets.xcassets; sourceTree = "<group>"; };
		92D2C20C2C90E6C100467440 /* Base */ = {isa = PBXFileReference; lastKnownFileType = file.storyboard; name = Base; path = Base.lproj/LaunchScreen.storyboard; sourceTree = "<group>"; };
		92D2C20E2C90E6C100467440 /* Info.plist */ = {isa = PBXFileReference; lastKnownFileType = text.plist.xml; path = Info.plist; sourceTree = "<group>"; };
		92D2C2132C90E6C100467440 /* QueroSerMBTests.xctest */ = {isa = PBXFileReference; explicitFileType = wrapper.cfbundle; includeInIndex = 0; path = QueroSerMBTests.xctest; sourceTree = BUILT_PRODUCTS_DIR; };
		92D2C2172C90E6C100467440 /* QueroSerMBTests.swift */ = {isa = PBXFileReference; lastKnownFileType = sourcecode.swift; path = QueroSerMBTests.swift; sourceTree = "<group>"; };
		92D2C21D2C90E6C100467440 /* QueroSerMBUITests.xctest */ = {isa = PBXFileReference; explicitFileType = wrapper.cfbundle; includeInIndex = 0; path = QueroSerMBUITests.xctest; sourceTree = BUILT_PRODUCTS_DIR; };
		92D2C2212C90E6C100467440 /* QueroSerMBUITests.swift */ = {isa = PBXFileReference; lastKnownFileType = sourcecode.swift; path = QueroSerMBUITests.swift; sourceTree = "<group>"; };
		92D2C2232C90E6C100467440 /* QueroSerMBUITestsLaunchTests.swift */ = {isa = PBXFileReference; lastKnownFileType = sourcecode.swift; path = QueroSerMBUITestsLaunchTests.swift; sourceTree = "<group>"; };
		92D2C2322C90E7F000467440 /* MainCoordinator.swift */ = {isa = PBXFileReference; lastKnownFileType = sourcecode.swift; path = MainCoordinator.swift; sourceTree = "<group>"; };
		92D2C2332C90E7F000467440 /* MainFactory.swift */ = {isa = PBXFileReference; lastKnownFileType = sourcecode.swift; path = MainFactory.swift; sourceTree = "<group>"; };
		92D2C2342C90E7F000467440 /* MainPresenter.swift */ = {isa = PBXFileReference; lastKnownFileType = sourcecode.swift; path = MainPresenter.swift; sourceTree = "<group>"; };
		92D2C2352C90E7F000467440 /* MainViewController.swift */ = {isa = PBXFileReference; lastKnownFileType = sourcecode.swift; path = MainViewController.swift; sourceTree = "<group>"; };
		92D2C2362C90E7F000467440 /* MainInteractor.swift */ = {isa = PBXFileReference; lastKnownFileType = sourcecode.swift; path = MainInteractor.swift; sourceTree = "<group>"; };
		92D2C2382C90E7F000467440 /* MainService.swift */ = {isa = PBXFileReference; lastKnownFileType = sourcecode.swift; path = MainService.swift; sourceTree = "<group>"; };
		92D2C5C62C90E8CE00467440 /* ViewController.swift */ = {isa = PBXFileReference; lastKnownFileType = sourcecode.swift; path = ViewController.swift; sourceTree = "<group>"; };
		92D2C5C92C90E94300467440 /* ViewConfiguration.swift */ = {isa = PBXFileReference; lastKnownFileType = sourcecode.swift; path = ViewConfiguration.swift; sourceTree = "<group>"; };
		92D2C5CC2C90EE9E00467440 /* CoreNetwork.swift */ = {isa = PBXFileReference; lastKnownFileType = sourcecode.swift; path = CoreNetwork.swift; sourceTree = "<group>"; };
		92D2C5CE2C90EEB100467440 /* Router.swift */ = {isa = PBXFileReference; lastKnownFileType = sourcecode.swift; path = Router.swift; sourceTree = "<group>"; };
		92D2C5D02C90EEC400467440 /* ServiceError.swift */ = {isa = PBXFileReference; lastKnownFileType = sourcecode.swift; path = ServiceError.swift; sourceTree = "<group>"; };
		92D2C5D42C910FCF00467440 /* Colors.swift */ = {isa = PBXFileReference; lastKnownFileType = sourcecode.swift; path = Colors.swift; sourceTree = "<group>"; };
		92D2C5D62C910FF700467440 /* Spacing.swift */ = {isa = PBXFileReference; lastKnownFileType = sourcecode.swift; path = Spacing.swift; sourceTree = "<group>"; };
		92D2C5DB2C9112BF00467440 /* Typography.swift */ = {isa = PBXFileReference; lastKnownFileType = sourcecode.swift; path = Typography.swift; sourceTree = "<group>"; };
		92D2C5DE2C91130300467440 /* UIColor+Hex.swift */ = {isa = PBXFileReference; lastKnownFileType = sourcecode.swift; path = "UIColor+Hex.swift"; sourceTree = "<group>"; };
		92D2C5E32C9114AE00467440 /* ExchangeCell.swift */ = {isa = PBXFileReference; lastKnownFileType = sourcecode.swift; path = ExchangeCell.swift; sourceTree = "<group>"; };
		92D2C5E52C9115CD00467440 /* ExchangeCellModel.swift */ = {isa = PBXFileReference; lastKnownFileType = sourcecode.swift; path = ExchangeCellModel.swift; sourceTree = "<group>"; };
		92D2C5E72C9116EC00467440 /* ExchangeListTableView.swift */ = {isa = PBXFileReference; lastKnownFileType = sourcecode.swift; path = ExchangeListTableView.swift; sourceTree = "<group>"; };
		92D2C5E92C912EE200467440 /* UIView+RoundCorners.swift */ = {isa = PBXFileReference; lastKnownFileType = sourcecode.swift; path = "UIView+RoundCorners.swift"; sourceTree = "<group>"; };
		92D2C5EB2C912F0200467440 /* Corners.swift */ = {isa = PBXFileReference; lastKnownFileType = sourcecode.swift; path = Corners.swift; sourceTree = "<group>"; };
		92D2C5ED2C9130F900467440 /* UIImage+Download.swift */ = {isa = PBXFileReference; lastKnownFileType = sourcecode.swift; path = "UIImage+Download.swift"; sourceTree = "<group>"; };
		92D2C5F02C9135AE00467440 /* Exchange.swift */ = {isa = PBXFileReference; lastKnownFileType = sourcecode.swift; path = Exchange.swift; sourceTree = "<group>"; };
		92D2C5F22C9135BA00467440 /* ExchangeLogo.swift */ = {isa = PBXFileReference; lastKnownFileType = sourcecode.swift; path = ExchangeLogo.swift; sourceTree = "<group>"; };
/* End PBXFileReference section */

/* Begin PBXFrameworksBuildPhase section */
		92D2C1FA2C90E6C000467440 /* Frameworks */ = {
			isa = PBXFrameworksBuildPhase;
			buildActionMask = 2147483647;
			files = (
			);
			runOnlyForDeploymentPostprocessing = 0;
		};
		92D2C2102C90E6C100467440 /* Frameworks */ = {
			isa = PBXFrameworksBuildPhase;
			buildActionMask = 2147483647;
			files = (
			);
			runOnlyForDeploymentPostprocessing = 0;
		};
		92D2C21A2C90E6C100467440 /* Frameworks */ = {
			isa = PBXFrameworksBuildPhase;
			buildActionMask = 2147483647;
			files = (
			);
			runOnlyForDeploymentPostprocessing = 0;
		};
/* End PBXFrameworksBuildPhase section */

/* Begin PBXGroup section */
		921C7CC52C94B79D00FF1E17 /* Detail */ = {
			isa = PBXGroup;
			children = (
				921C80602C95E7E400FF1E17 /* Model */,
				921C7CC62C94B7B100FF1E17 /* DetailCoordinator.swift */,
				921C7CC72C94B7B100FF1E17 /* DetailFactory.swift */,
				921C7CC82C94B7B100FF1E17 /* DetailPresenter.swift */,
				921C7CC92C94B7B100FF1E17 /* DetailViewController.swift */,
				921C7CCA2C94B7B100FF1E17 /* DetailInteractor.swift */,
				921C7CCC2C94B7B100FF1E17 /* DetailService.swift */,
			);
			path = Detail;
			sourceTree = "<group>";
		};
		921C80582C95CC7100FF1E17 /* Charts */ = {
			isa = PBXGroup;
			children = (
				921C80592C95D23300FF1E17 /* ExchangeChartView */,
			);
			path = Charts;
			sourceTree = "<group>";
		};
		921C80592C95D23300FF1E17 /* ExchangeChartView */ = {
			isa = PBXGroup;
			children = (
				921C805A2C95D25E00FF1E17 /* ExchangeChartView.swift */,
			);
			path = ExchangeChartView;
			sourceTree = "<group>";
		};
		921C80602C95E7E400FF1E17 /* Model */ = {
			isa = PBXGroup;
			children = (
				921C80612C95E7EF00FF1E17 /* ExchangeDetail.swift */,
				921C80692C98AA9500FF1E17 /* ExchangeInformationModel.swift */,
			);
			path = Model;
			sourceTree = "<group>";
		};
		92D2C1F42C90E6C000467440 = {
			isa = PBXGroup;
			children = (
				92D2C1FF2C90E6C000467440 /* QueroSerMB */,
				92D2C2162C90E6C100467440 /* QueroSerMBTests */,
				92D2C2202C90E6C100467440 /* QueroSerMBUITests */,
				92D2C1FE2C90E6C000467440 /* Products */,
			);
			sourceTree = "<group>";
		};
		92D2C1FE2C90E6C000467440 /* Products */ = {
			isa = PBXGroup;
			children = (
				92D2C1FD2C90E6C000467440 /* QueroSerMB.app */,
				92D2C2132C90E6C100467440 /* QueroSerMBTests.xctest */,
				92D2C21D2C90E6C100467440 /* QueroSerMBUITests.xctest */,
			);
			name = Products;
			sourceTree = "<group>";
		};
		92D2C1FF2C90E6C000467440 /* QueroSerMB */ = {
			isa = PBXGroup;
			children = (
				92D2C5D32C910F3600467440 /* DesignSystem */,
				92D2C5C42C90E8B000467440 /* Core */,
				92D2C5EF2C91359D00467440 /* Models */,
				92D2C2302C90E7E000467440 /* Scenes */,
				92D2C2002C90E6C000467440 /* AppDelegate.swift */,
				92D2C2022C90E6C000467440 /* SceneDelegate.swift */,
				92D2C2092C90E6C100467440 /* Assets.xcassets */,
				92D2C20B2C90E6C100467440 /* LaunchScreen.storyboard */,
				92D2C20E2C90E6C100467440 /* Info.plist */,
			);
			path = QueroSerMB;
			sourceTree = "<group>";
		};
		92D2C2162C90E6C100467440 /* QueroSerMBTests */ = {
			isa = PBXGroup;
			children = (
				92D2C2172C90E6C100467440 /* QueroSerMBTests.swift */,
			);
			path = QueroSerMBTests;
			sourceTree = "<group>";
		};
		92D2C2202C90E6C100467440 /* QueroSerMBUITests */ = {
			isa = PBXGroup;
			children = (
				92D2C2212C90E6C100467440 /* QueroSerMBUITests.swift */,
				92D2C2232C90E6C100467440 /* QueroSerMBUITestsLaunchTests.swift */,
			);
			path = QueroSerMBUITests;
			sourceTree = "<group>";
		};
		92D2C2302C90E7E000467440 /* Scenes */ = {
			isa = PBXGroup;
			children = (
				921C7CC52C94B79D00FF1E17 /* Detail */,
				92D2C2312C90E7E700467440 /* Main */,
			);
			path = Scenes;
			sourceTree = "<group>";
		};
		92D2C2312C90E7E700467440 /* Main */ = {
			isa = PBXGroup;
			children = (
				92D2C2322C90E7F000467440 /* MainCoordinator.swift */,
				92D2C2332C90E7F000467440 /* MainFactory.swift */,
				92D2C2342C90E7F000467440 /* MainPresenter.swift */,
				92D2C2352C90E7F000467440 /* MainViewController.swift */,
				92D2C2362C90E7F000467440 /* MainInteractor.swift */,
				92D2C2382C90E7F000467440 /* MainService.swift */,
			);
			path = Main;
			sourceTree = "<group>";
		};
		92D2C5C42C90E8B000467440 /* Core */ = {
			isa = PBXGroup;
			children = (
				92D2C5DD2C9112ED00467440 /* Extensions */,
				92D2C5D22C910F1B00467440 /* Base */,
				92D2C5CB2C90EE7700467440 /* Network */,
			);
			path = Core;
			sourceTree = "<group>";
		};
		92D2C5CB2C90EE7700467440 /* Network */ = {
			isa = PBXGroup;
			children = (
				92D2C5CC2C90EE9E00467440 /* CoreNetwork.swift */,
				92D2C5CE2C90EEB100467440 /* Router.swift */,
				92D2C5D02C90EEC400467440 /* ServiceError.swift */,
			);
			path = Network;
			sourceTree = "<group>";
		};
		92D2C5D22C910F1B00467440 /* Base */ = {
			isa = PBXGroup;
			children = (
				92D2C5C92C90E94300467440 /* ViewConfiguration.swift */,
				92D2C5C62C90E8CE00467440 /* ViewController.swift */,
			);
			path = Base;
			sourceTree = "<group>";
		};
		92D2C5D32C910F3600467440 /* DesignSystem */ = {
			isa = PBXGroup;
			children = (
				92D2C5E02C9113F300467440 /* Components */,
				92D2C5D82C91104A00467440 /* Base */,
			);
			path = DesignSystem;
			sourceTree = "<group>";
		};
		92D2C5D82C91104A00467440 /* Base */ = {
			isa = PBXGroup;
			children = (
				92D2C5D42C910FCF00467440 /* Colors.swift */,
				92D2C5D62C910FF700467440 /* Spacing.swift */,
				92D2C5DB2C9112BF00467440 /* Typography.swift */,
				92D2C5EB2C912F0200467440 /* Corners.swift */,
			);
			path = Base;
			sourceTree = "<group>";
		};
		92D2C5DD2C9112ED00467440 /* Extensions */ = {
			isa = PBXGroup;
			children = (
				92D2C5DE2C91130300467440 /* UIColor+Hex.swift */,
				92D2C5E92C912EE200467440 /* UIView+RoundCorners.swift */,
				92D2C5ED2C9130F900467440 /* UIImage+Download.swift */,
				921C805C2C95E3E400FF1E17 /* Date+Formatter.swift */,
				921C805E2C95E48C00FF1E17 /* Double+Currency.swift */,
			);
			path = Extensions;
			sourceTree = "<group>";
		};
		92D2C5E02C9113F300467440 /* Components */ = {
			isa = PBXGroup;
			children = (
				921C80582C95CC7100FF1E17 /* Charts */,
				92D2C5E12C9113FB00467440 /* TableView */,
			);
			path = Components;
			sourceTree = "<group>";
		};
		92D2C5E12C9113FB00467440 /* TableView */ = {
			isa = PBXGroup;
			children = (
				92D2C5E22C91140300467440 /* ExchangeList */,
			);
			path = TableView;
			sourceTree = "<group>";
		};
		92D2C5E22C91140300467440 /* ExchangeList */ = {
			isa = PBXGroup;
			children = (
				92D2C5E32C9114AE00467440 /* ExchangeCell.swift */,
				92D2C5E52C9115CD00467440 /* ExchangeCellModel.swift */,
				92D2C5E72C9116EC00467440 /* ExchangeListTableView.swift */,
			);
			path = ExchangeList;
			sourceTree = "<group>";
		};
		92D2C5EF2C91359D00467440 /* Models */ = {
			isa = PBXGroup;
			children = (
				92D2C5F02C9135AE00467440 /* Exchange.swift */,
				92D2C5F22C9135BA00467440 /* ExchangeLogo.swift */,
				921C80632C95FCEA00FF1E17 /* OHLCVData.swift */,
			);
			path = Models;
			sourceTree = "<group>";
		};
/* End PBXGroup section */

/* Begin PBXNativeTarget section */
		92D2C1FC2C90E6C000467440 /* QueroSerMB */ = {
			isa = PBXNativeTarget;
			buildConfigurationList = 92D2C2272C90E6C100467440 /* Build configuration list for PBXNativeTarget "QueroSerMB" */;
			buildPhases = (
				92D2C1F92C90E6C000467440 /* Sources */,
				92D2C1FA2C90E6C000467440 /* Frameworks */,
				92D2C1FB2C90E6C000467440 /* Resources */,
			);
			buildRules = (
			);
			dependencies = (
			);
			name = QueroSerMB;
			productName = QueroSerMB;
			productReference = 92D2C1FD2C90E6C000467440 /* QueroSerMB.app */;
			productType = "com.apple.product-type.application";
		};
		92D2C2122C90E6C100467440 /* QueroSerMBTests */ = {
			isa = PBXNativeTarget;
			buildConfigurationList = 92D2C22A2C90E6C100467440 /* Build configuration list for PBXNativeTarget "QueroSerMBTests" */;
			buildPhases = (
				92D2C20F2C90E6C100467440 /* Sources */,
				92D2C2102C90E6C100467440 /* Frameworks */,
				92D2C2112C90E6C100467440 /* Resources */,
			);
			buildRules = (
			);
			dependencies = (
				92D2C2152C90E6C100467440 /* PBXTargetDependency */,
			);
			name = QueroSerMBTests;
			productName = QueroSerMBTests;
			productReference = 92D2C2132C90E6C100467440 /* QueroSerMBTests.xctest */;
			productType = "com.apple.product-type.bundle.unit-test";
		};
		92D2C21C2C90E6C100467440 /* QueroSerMBUITests */ = {
			isa = PBXNativeTarget;
			buildConfigurationList = 92D2C22D2C90E6C100467440 /* Build configuration list for PBXNativeTarget "QueroSerMBUITests" */;
			buildPhases = (
				92D2C2192C90E6C100467440 /* Sources */,
				92D2C21A2C90E6C100467440 /* Frameworks */,
				92D2C21B2C90E6C100467440 /* Resources */,
			);
			buildRules = (
			);
			dependencies = (
				92D2C21F2C90E6C100467440 /* PBXTargetDependency */,
			);
			name = QueroSerMBUITests;
			productName = QueroSerMBUITests;
			productReference = 92D2C21D2C90E6C100467440 /* QueroSerMBUITests.xctest */;
			productType = "com.apple.product-type.bundle.ui-testing";
		};
/* End PBXNativeTarget section */

/* Begin PBXProject section */
		92D2C1F52C90E6C000467440 /* Project object */ = {
			isa = PBXProject;
			attributes = {
				BuildIndependentTargetsInParallel = 1;
				LastSwiftUpdateCheck = 1540;
				LastUpgradeCheck = 1540;
				TargetAttributes = {
					92D2C1FC2C90E6C000467440 = {
						CreatedOnToolsVersion = 15.4;
					};
					92D2C2122C90E6C100467440 = {
						CreatedOnToolsVersion = 15.4;
						TestTargetID = 92D2C1FC2C90E6C000467440;
					};
					92D2C21C2C90E6C100467440 = {
						CreatedOnToolsVersion = 15.4;
						TestTargetID = 92D2C1FC2C90E6C000467440;
					};
				};
			};
			buildConfigurationList = 92D2C1F82C90E6C000467440 /* Build configuration list for PBXProject "QueroSerMB" */;
			compatibilityVersion = "Xcode 14.0";
			developmentRegion = en;
			hasScannedForEncodings = 0;
			knownRegions = (
				en,
				Base,
			);
			mainGroup = 92D2C1F42C90E6C000467440;
			productRefGroup = 92D2C1FE2C90E6C000467440 /* Products */;
			projectDirPath = "";
			projectRoot = "";
			targets = (
				92D2C1FC2C90E6C000467440 /* QueroSerMB */,
				92D2C2122C90E6C100467440 /* QueroSerMBTests */,
				92D2C21C2C90E6C100467440 /* QueroSerMBUITests */,
			);
		};
/* End PBXProject section */

/* Begin PBXResourcesBuildPhase section */
		92D2C1FB2C90E6C000467440 /* Resources */ = {
			isa = PBXResourcesBuildPhase;
			buildActionMask = 2147483647;
			files = (
				92D2C20A2C90E6C100467440 /* Assets.xcassets in Resources */,
				92D2C20D2C90E6C100467440 /* Base in Resources */,
			);
			runOnlyForDeploymentPostprocessing = 0;
		};
		92D2C2112C90E6C100467440 /* Resources */ = {
			isa = PBXResourcesBuildPhase;
			buildActionMask = 2147483647;
			files = (
			);
			runOnlyForDeploymentPostprocessing = 0;
		};
		92D2C21B2C90E6C100467440 /* Resources */ = {
			isa = PBXResourcesBuildPhase;
			buildActionMask = 2147483647;
			files = (
			);
			runOnlyForDeploymentPostprocessing = 0;
		};
/* End PBXResourcesBuildPhase section */

/* Begin PBXSourcesBuildPhase section */
		92D2C1F92C90E6C000467440 /* Sources */ = {
			isa = PBXSourcesBuildPhase;
			buildActionMask = 2147483647;
			files = (
				92D2C5EA2C912EE200467440 /* UIView+RoundCorners.swift in Sources */,
				921C805D2C95E3E400FF1E17 /* Date+Formatter.swift in Sources */,
				92D2C5E42C9114AE00467440 /* ExchangeCell.swift in Sources */,
				92D2C5F32C9135BA00467440 /* ExchangeLogo.swift in Sources */,
				92D2C5EC2C912F0200467440 /* Corners.swift in Sources */,
				92D2C5C72C90E8CE00467440 /* ViewController.swift in Sources */,
				92D2C2392C90E7F000467440 /* MainCoordinator.swift in Sources */,
				92D2C5DC2C9112BF00467440 /* Typography.swift in Sources */,
				92D2C5D72C910FF700467440 /* Spacing.swift in Sources */,
				921C7CCD2C94B7B100FF1E17 /* DetailCoordinator.swift in Sources */,
				921C7CCE2C94B7B100FF1E17 /* DetailFactory.swift in Sources */,
				921C7CCF2C94B7B100FF1E17 /* DetailPresenter.swift in Sources */,
				921C80622C95E7EF00FF1E17 /* ExchangeDetail.swift in Sources */,
				921C7CD02C94B7B100FF1E17 /* DetailViewController.swift in Sources */,
				921C806A2C98AA9500FF1E17 /* ExchangeInformationModel.swift in Sources */,
				921C7CD12C94B7B100FF1E17 /* DetailInteractor.swift in Sources */,
				921C805B2C95D25E00FF1E17 /* ExchangeChartView.swift in Sources */,
				921C7CD32C94B7B100FF1E17 /* DetailService.swift in Sources */,
				92D2C5E62C9115CD00467440 /* ExchangeCellModel.swift in Sources */,
				92D2C5DF2C91130300467440 /* UIColor+Hex.swift in Sources */,
				92D2C23A2C90E7F000467440 /* MainFactory.swift in Sources */,
				92D2C5E82C9116EC00467440 /* ExchangeListTableView.swift in Sources */,
				92D2C5D52C910FCF00467440 /* Colors.swift in Sources */,
				92D2C23B2C90E7F000467440 /* MainPresenter.swift in Sources */,
				92D2C5CF2C90EEB100467440 /* Router.swift in Sources */,
				92D2C5EE2C9130F900467440 /* UIImage+Download.swift in Sources */,
				92D2C5CD2C90EE9E00467440 /* CoreNetwork.swift in Sources */,
				921C805F2C95E48C00FF1E17 /* Double+Currency.swift in Sources */,
				92D2C23C2C90E7F000467440 /* MainViewController.swift in Sources */,
				921C80642C95FCEA00FF1E17 /* OHLCVData.swift in Sources */,
				92D2C23D2C90E7F000467440 /* MainInteractor.swift in Sources */,
				92D2C5D12C90EEC400467440 /* ServiceError.swift in Sources */,
				92D2C23F2C90E7F000467440 /* MainService.swift in Sources */,
				92D2C5F12C9135AE00467440 /* Exchange.swift in Sources */,
				92D2C2012C90E6C000467440 /* AppDelegate.swift in Sources */,
				92D2C2032C90E6C000467440 /* SceneDelegate.swift in Sources */,
				92D2C5CA2C90E94300467440 /* ViewConfiguration.swift in Sources */,
			);
			runOnlyForDeploymentPostprocessing = 0;
		};
		92D2C20F2C90E6C100467440 /* Sources */ = {
			isa = PBXSourcesBuildPhase;
			buildActionMask = 2147483647;
			files = (
				92D2C2182C90E6C100467440 /* QueroSerMBTests.swift in Sources */,
			);
			runOnlyForDeploymentPostprocessing = 0;
		};
		92D2C2192C90E6C100467440 /* Sources */ = {
			isa = PBXSourcesBuildPhase;
			buildActionMask = 2147483647;
			files = (
				92D2C2222C90E6C100467440 /* QueroSerMBUITests.swift in Sources */,
				92D2C2242C90E6C100467440 /* QueroSerMBUITestsLaunchTests.swift in Sources */,
			);
			runOnlyForDeploymentPostprocessing = 0;
		};
/* End PBXSourcesBuildPhase section */

/* Begin PBXTargetDependency section */
		92D2C2152C90E6C100467440 /* PBXTargetDependency */ = {
			isa = PBXTargetDependency;
			target = 92D2C1FC2C90E6C000467440 /* QueroSerMB */;
			targetProxy = 92D2C2142C90E6C100467440 /* PBXContainerItemProxy */;
		};
		92D2C21F2C90E6C100467440 /* PBXTargetDependency */ = {
			isa = PBXTargetDependency;
			target = 92D2C1FC2C90E6C000467440 /* QueroSerMB */;
			targetProxy = 92D2C21E2C90E6C100467440 /* PBXContainerItemProxy */;
		};
/* End PBXTargetDependency section */

/* Begin PBXVariantGroup section */
		92D2C20B2C90E6C100467440 /* LaunchScreen.storyboard */ = {
			isa = PBXVariantGroup;
			children = (
				92D2C20C2C90E6C100467440 /* Base */,
			);
			name = LaunchScreen.storyboard;
			sourceTree = "<group>";
		};
/* End PBXVariantGroup section */

/* Begin XCBuildConfiguration section */
		92D2C2252C90E6C100467440 /* Debug */ = {
			isa = XCBuildConfiguration;
			buildSettings = {
				ALWAYS_SEARCH_USER_PATHS = NO;
				ASSETCATALOG_COMPILER_GENERATE_SWIFT_ASSET_SYMBOL_EXTENSIONS = YES;
				CLANG_ANALYZER_NONNULL = YES;
				CLANG_ANALYZER_NUMBER_OBJECT_CONVERSION = YES_AGGRESSIVE;
				CLANG_CXX_LANGUAGE_STANDARD = "gnu++20";
				CLANG_ENABLE_MODULES = YES;
				CLANG_ENABLE_OBJC_ARC = YES;
				CLANG_ENABLE_OBJC_WEAK = YES;
				CLANG_WARN_BLOCK_CAPTURE_AUTORELEASING = YES;
				CLANG_WARN_BOOL_CONVERSION = YES;
				CLANG_WARN_COMMA = YES;
				CLANG_WARN_CONSTANT_CONVERSION = YES;
				CLANG_WARN_DEPRECATED_OBJC_IMPLEMENTATIONS = YES;
				CLANG_WARN_DIRECT_OBJC_ISA_USAGE = YES_ERROR;
				CLANG_WARN_DOCUMENTATION_COMMENTS = YES;
				CLANG_WARN_EMPTY_BODY = YES;
				CLANG_WARN_ENUM_CONVERSION = YES;
				CLANG_WARN_INFINITE_RECURSION = YES;
				CLANG_WARN_INT_CONVERSION = YES;
				CLANG_WARN_NON_LITERAL_NULL_CONVERSION = YES;
				CLANG_WARN_OBJC_IMPLICIT_RETAIN_SELF = YES;
				CLANG_WARN_OBJC_LITERAL_CONVERSION = YES;
				CLANG_WARN_OBJC_ROOT_CLASS = YES_ERROR;
				CLANG_WARN_QUOTED_INCLUDE_IN_FRAMEWORK_HEADER = YES;
				CLANG_WARN_RANGE_LOOP_ANALYSIS = YES;
				CLANG_WARN_STRICT_PROTOTYPES = YES;
				CLANG_WARN_SUSPICIOUS_MOVE = YES;
				CLANG_WARN_UNGUARDED_AVAILABILITY = YES_AGGRESSIVE;
				CLANG_WARN_UNREACHABLE_CODE = YES;
				CLANG_WARN__DUPLICATE_METHOD_MATCH = YES;
				COPY_PHASE_STRIP = NO;
				DEBUG_INFORMATION_FORMAT = dwarf;
				ENABLE_STRICT_OBJC_MSGSEND = YES;
				ENABLE_TESTABILITY = YES;
				ENABLE_USER_SCRIPT_SANDBOXING = YES;
				GCC_C_LANGUAGE_STANDARD = gnu17;
				GCC_DYNAMIC_NO_PIC = NO;
				GCC_NO_COMMON_BLOCKS = YES;
				GCC_OPTIMIZATION_LEVEL = 0;
				GCC_PREPROCESSOR_DEFINITIONS = (
					"DEBUG=1",
					"$(inherited)",
				);
				GCC_WARN_64_TO_32_BIT_CONVERSION = YES;
				GCC_WARN_ABOUT_RETURN_TYPE = YES_ERROR;
				GCC_WARN_UNDECLARED_SELECTOR = YES;
				GCC_WARN_UNINITIALIZED_AUTOS = YES_AGGRESSIVE;
				GCC_WARN_UNUSED_FUNCTION = YES;
				GCC_WARN_UNUSED_VARIABLE = YES;
				IPHONEOS_DEPLOYMENT_TARGET = 17.5;
				LOCALIZATION_PREFERS_STRING_CATALOGS = YES;
				MTL_ENABLE_DEBUG_INFO = INCLUDE_SOURCE;
				MTL_FAST_MATH = YES;
				ONLY_ACTIVE_ARCH = YES;
				SDKROOT = iphoneos;
				SWIFT_ACTIVE_COMPILATION_CONDITIONS = "DEBUG $(inherited)";
				SWIFT_OPTIMIZATION_LEVEL = "-Onone";
			};
			name = Debug;
		};
		92D2C2262C90E6C100467440 /* Release */ = {
			isa = XCBuildConfiguration;
			buildSettings = {
				ALWAYS_SEARCH_USER_PATHS = NO;
				ASSETCATALOG_COMPILER_GENERATE_SWIFT_ASSET_SYMBOL_EXTENSIONS = YES;
				CLANG_ANALYZER_NONNULL = YES;
				CLANG_ANALYZER_NUMBER_OBJECT_CONVERSION = YES_AGGRESSIVE;
				CLANG_CXX_LANGUAGE_STANDARD = "gnu++20";
				CLANG_ENABLE_MODULES = YES;
				CLANG_ENABLE_OBJC_ARC = YES;
				CLANG_ENABLE_OBJC_WEAK = YES;
				CLANG_WARN_BLOCK_CAPTURE_AUTORELEASING = YES;
				CLANG_WARN_BOOL_CONVERSION = YES;
				CLANG_WARN_COMMA = YES;
				CLANG_WARN_CONSTANT_CONVERSION = YES;
				CLANG_WARN_DEPRECATED_OBJC_IMPLEMENTATIONS = YES;
				CLANG_WARN_DIRECT_OBJC_ISA_USAGE = YES_ERROR;
				CLANG_WARN_DOCUMENTATION_COMMENTS = YES;
				CLANG_WARN_EMPTY_BODY = YES;
				CLANG_WARN_ENUM_CONVERSION = YES;
				CLANG_WARN_INFINITE_RECURSION = YES;
				CLANG_WARN_INT_CONVERSION = YES;
				CLANG_WARN_NON_LITERAL_NULL_CONVERSION = YES;
				CLANG_WARN_OBJC_IMPLICIT_RETAIN_SELF = YES;
				CLANG_WARN_OBJC_LITERAL_CONVERSION = YES;
				CLANG_WARN_OBJC_ROOT_CLASS = YES_ERROR;
				CLANG_WARN_QUOTED_INCLUDE_IN_FRAMEWORK_HEADER = YES;
				CLANG_WARN_RANGE_LOOP_ANALYSIS = YES;
				CLANG_WARN_STRICT_PROTOTYPES = YES;
				CLANG_WARN_SUSPICIOUS_MOVE = YES;
				CLANG_WARN_UNGUARDED_AVAILABILITY = YES_AGGRESSIVE;
				CLANG_WARN_UNREACHABLE_CODE = YES;
				CLANG_WARN__DUPLICATE_METHOD_MATCH = YES;
				COPY_PHASE_STRIP = NO;
				DEBUG_INFORMATION_FORMAT = "dwarf-with-dsym";
				ENABLE_NS_ASSERTIONS = NO;
				ENABLE_STRICT_OBJC_MSGSEND = YES;
				ENABLE_USER_SCRIPT_SANDBOXING = YES;
				GCC_C_LANGUAGE_STANDARD = gnu17;
				GCC_NO_COMMON_BLOCKS = YES;
				GCC_WARN_64_TO_32_BIT_CONVERSION = YES;
				GCC_WARN_ABOUT_RETURN_TYPE = YES_ERROR;
				GCC_WARN_UNDECLARED_SELECTOR = YES;
				GCC_WARN_UNINITIALIZED_AUTOS = YES_AGGRESSIVE;
				GCC_WARN_UNUSED_FUNCTION = YES;
				GCC_WARN_UNUSED_VARIABLE = YES;
				IPHONEOS_DEPLOYMENT_TARGET = 17.5;
				LOCALIZATION_PREFERS_STRING_CATALOGS = YES;
				MTL_ENABLE_DEBUG_INFO = NO;
				MTL_FAST_MATH = YES;
				SDKROOT = iphoneos;
				SWIFT_COMPILATION_MODE = wholemodule;
				VALIDATE_PRODUCT = YES;
			};
			name = Release;
		};
		92D2C2282C90E6C100467440 /* Debug */ = {
			isa = XCBuildConfiguration;
			buildSettings = {
				ASSETCATALOG_COMPILER_APPICON_NAME = AppIcon;
				ASSETCATALOG_COMPILER_GLOBAL_ACCENT_COLOR_NAME = AccentColor;
				CODE_SIGN_STYLE = Automatic;
				CURRENT_PROJECT_VERSION = 1;
				GENERATE_INFOPLIST_FILE = YES;
				INFOPLIST_FILE = QueroSerMB/Info.plist;
				INFOPLIST_KEY_UIApplicationSupportsIndirectInputEvents = YES;
				INFOPLIST_KEY_UILaunchStoryboardName = LaunchScreen;
				INFOPLIST_KEY_UISupportedInterfaceOrientations_iPad = "UIInterfaceOrientationPortrait UIInterfaceOrientationPortraitUpsideDown UIInterfaceOrientationLandscapeLeft UIInterfaceOrientationLandscapeRight";
				INFOPLIST_KEY_UISupportedInterfaceOrientations_iPhone = "UIInterfaceOrientationPortrait UIInterfaceOrientationLandscapeLeft UIInterfaceOrientationLandscapeRight";
				LD_RUNPATH_SEARCH_PATHS = (
					"$(inherited)",
					"@executable_path/Frameworks",
				);
				MARKETING_VERSION = 1.0;
				PRODUCT_BUNDLE_IDENTIFIER = guilherme.QueroSerMB;
				PRODUCT_NAME = "$(TARGET_NAME)";
				SWIFT_EMIT_LOC_STRINGS = YES;
				SWIFT_VERSION = 5.0;
				TARGETED_DEVICE_FAMILY = "1,2";
			};
			name = Debug;
		};
		92D2C2292C90E6C100467440 /* Release */ = {
			isa = XCBuildConfiguration;
			buildSettings = {
				ASSETCATALOG_COMPILER_APPICON_NAME = AppIcon;
				ASSETCATALOG_COMPILER_GLOBAL_ACCENT_COLOR_NAME = AccentColor;
				CODE_SIGN_STYLE = Automatic;
				CURRENT_PROJECT_VERSION = 1;
				GENERATE_INFOPLIST_FILE = YES;
				INFOPLIST_FILE = QueroSerMB/Info.plist;
				INFOPLIST_KEY_UIApplicationSupportsIndirectInputEvents = YES;
				INFOPLIST_KEY_UILaunchStoryboardName = LaunchScreen;
				INFOPLIST_KEY_UISupportedInterfaceOrientations_iPad = "UIInterfaceOrientationPortrait UIInterfaceOrientationPortraitUpsideDown UIInterfaceOrientationLandscapeLeft UIInterfaceOrientationLandscapeRight";
				INFOPLIST_KEY_UISupportedInterfaceOrientations_iPhone = "UIInterfaceOrientationPortrait UIInterfaceOrientationLandscapeLeft UIInterfaceOrientationLandscapeRight";
				LD_RUNPATH_SEARCH_PATHS = (
					"$(inherited)",
					"@executable_path/Frameworks",
				);
				MARKETING_VERSION = 1.0;
				PRODUCT_BUNDLE_IDENTIFIER = guilherme.QueroSerMB;
				PRODUCT_NAME = "$(TARGET_NAME)";
				SWIFT_EMIT_LOC_STRINGS = YES;
				SWIFT_VERSION = 5.0;
				TARGETED_DEVICE_FAMILY = "1,2";
			};
			name = Release;
		};
		92D2C22B2C90E6C100467440 /* Debug */ = {
			isa = XCBuildConfiguration;
			buildSettings = {
				ALWAYS_EMBED_SWIFT_STANDARD_LIBRARIES = YES;
				BUNDLE_LOADER = "$(TEST_HOST)";
				CODE_SIGN_STYLE = Automatic;
				CURRENT_PROJECT_VERSION = 1;
				GENERATE_INFOPLIST_FILE = YES;
				IPHONEOS_DEPLOYMENT_TARGET = 17.5;
				MARKETING_VERSION = 1.0;
				PRODUCT_BUNDLE_IDENTIFIER = guilherme.QueroSerMBTests;
				PRODUCT_NAME = "$(TARGET_NAME)";
				SWIFT_EMIT_LOC_STRINGS = NO;
				SWIFT_VERSION = 5.0;
				TARGETED_DEVICE_FAMILY = "1,2";
				TEST_HOST = "$(BUILT_PRODUCTS_DIR)/QueroSerMB.app/$(BUNDLE_EXECUTABLE_FOLDER_PATH)/QueroSerMB";
			};
			name = Debug;
		};
		92D2C22C2C90E6C100467440 /* Release */ = {
			isa = XCBuildConfiguration;
			buildSettings = {
				ALWAYS_EMBED_SWIFT_STANDARD_LIBRARIES = YES;
				BUNDLE_LOADER = "$(TEST_HOST)";
				CODE_SIGN_STYLE = Automatic;
				CURRENT_PROJECT_VERSION = 1;
				GENERATE_INFOPLIST_FILE = YES;
				IPHONEOS_DEPLOYMENT_TARGET = 17.5;
				MARKETING_VERSION = 1.0;
				PRODUCT_BUNDLE_IDENTIFIER = guilherme.QueroSerMBTests;
				PRODUCT_NAME = "$(TARGET_NAME)";
				SWIFT_EMIT_LOC_STRINGS = NO;
				SWIFT_VERSION = 5.0;
				TARGETED_DEVICE_FAMILY = "1,2";
				TEST_HOST = "$(BUILT_PRODUCTS_DIR)/QueroSerMB.app/$(BUNDLE_EXECUTABLE_FOLDER_PATH)/QueroSerMB";
			};
			name = Release;
		};
		92D2C22E2C90E6C100467440 /* Debug */ = {
			isa = XCBuildConfiguration;
			buildSettings = {
				ALWAYS_EMBED_SWIFT_STANDARD_LIBRARIES = YES;
				CODE_SIGN_STYLE = Automatic;
				CURRENT_PROJECT_VERSION = 1;
				GENERATE_INFOPLIST_FILE = YES;
				MARKETING_VERSION = 1.0;
				PRODUCT_BUNDLE_IDENTIFIER = guilherme.QueroSerMBUITests;
				PRODUCT_NAME = "$(TARGET_NAME)";
				SWIFT_EMIT_LOC_STRINGS = NO;
				SWIFT_VERSION = 5.0;
				TARGETED_DEVICE_FAMILY = "1,2";
				TEST_TARGET_NAME = QueroSerMB;
			};
			name = Debug;
		};
		92D2C22F2C90E6C100467440 /* Release */ = {
			isa = XCBuildConfiguration;
			buildSettings = {
				ALWAYS_EMBED_SWIFT_STANDARD_LIBRARIES = YES;
				CODE_SIGN_STYLE = Automatic;
				CURRENT_PROJECT_VERSION = 1;
				GENERATE_INFOPLIST_FILE = YES;
				MARKETING_VERSION = 1.0;
				PRODUCT_BUNDLE_IDENTIFIER = guilherme.QueroSerMBUITests;
				PRODUCT_NAME = "$(TARGET_NAME)";
				SWIFT_EMIT_LOC_STRINGS = NO;
				SWIFT_VERSION = 5.0;
				TARGETED_DEVICE_FAMILY = "1,2";
				TEST_TARGET_NAME = QueroSerMB;
			};
			name = Release;
		};
/* End XCBuildConfiguration section */

/* Begin XCConfigurationList section */
		92D2C1F82C90E6C000467440 /* Build configuration list for PBXProject "QueroSerMB" */ = {
			isa = XCConfigurationList;
			buildConfigurations = (
				92D2C2252C90E6C100467440 /* Debug */,
				92D2C2262C90E6C100467440 /* Release */,
			);
			defaultConfigurationIsVisible = 0;
			defaultConfigurationName = Release;
		};
		92D2C2272C90E6C100467440 /* Build configuration list for PBXNativeTarget "QueroSerMB" */ = {
			isa = XCConfigurationList;
			buildConfigurations = (
				92D2C2282C90E6C100467440 /* Debug */,
				92D2C2292C90E6C100467440 /* Release */,
			);
			defaultConfigurationIsVisible = 0;
			defaultConfigurationName = Release;
		};
		92D2C22A2C90E6C100467440 /* Build configuration list for PBXNativeTarget "QueroSerMBTests" */ = {
			isa = XCConfigurationList;
			buildConfigurations = (
				92D2C22B2C90E6C100467440 /* Debug */,
				92D2C22C2C90E6C100467440 /* Release */,
			);
			defaultConfigurationIsVisible = 0;
			defaultConfigurationName = Release;
		};
		92D2C22D2C90E6C100467440 /* Build configuration list for PBXNativeTarget "QueroSerMBUITests" */ = {
			isa = XCConfigurationList;
			buildConfigurations = (
				92D2C22E2C90E6C100467440 /* Debug */,
				92D2C22F2C90E6C100467440 /* Release */,
			);
			defaultConfigurationIsVisible = 0;
			defaultConfigurationName = Release;
		};
/* End XCConfigurationList section */
	};
	rootObject = 92D2C1F52C90E6C000467440 /* Project object */;
}
